
Microsoft Visual Studio Solution File, Format Version 12.00
# Visual Studio Version 16
VisualStudioVersion = 16.0.29025.244
MinimumVisualStudioVersion = 10.0.40219.1
Project("{2150E333-8FDC-42A3-9474-1A3956D46DE8}") = "lib", "lib", "{D1AF8BFE-0E72-47BD-815A-EACCC58B3698}"
EndProject
Project("{2150E333-8FDC-42A3-9474-1A3956D46DE8}") = "example", "example", "{B4C2717A-E126-4D7B-92D5-A3F892AEF116}"
EndProject
Project("{FAE04EC0-301F-11D3-BF4B-00C04F79EFBC}") = "ApiMultiPartFormData", "lib\ApiMultipartFormDataFormatter\ApiMultiPartFormData.csproj", "{1F851995-9C6B-4B34-82AF-AC4E075F00C2}"
EndProject
Project("{2150E333-8FDC-42A3-9474-1A3956D46DE8}") = "back-end", "back-end", "{33256EF5-1C56-410B-B0C4-2C5F096B894D}"
EndProject
Project("{2150E333-8FDC-42A3-9474-1A3956D46DE8}") = "front-end", "front-end", "{00F660F1-4945-4A34-81A6-1643AC415861}"
EndProject
Project("{FAE04EC0-301F-11D3-BF4B-00C04F79EFBC}") = "ApiBackEnd", "example\back-end\ApiBackEnd\ApiBackEnd.csproj", "{3A670874-7BD9-4534-8E82-209532C73EA3}"
EndProject
Project("{FAE04EC0-301F-11D3-BF4B-00C04F79EFBC}") = "ApiMultiPartFormData.UnitTest", "ApiMultiPartFormData.UnitTest\ApiMultiPartFormData.UnitTest.csproj", "{81C26BAC-9595-4009-A0B4-886225D3B96D}"
EndProject
Global
	GlobalSection(SolutionConfigurationPlatforms) = preSolution
		Debug|Any CPU = Debug|Any CPU
		Release|Any CPU = Release|Any CPU
	EndGlobalSection
	GlobalSection(ProjectConfigurationPlatforms) = postSolution
		{1F851995-9C6B-4B34-82AF-AC4E075F00C2}.Debug|Any CPU.ActiveCfg = Debug|Any CPU
		{1F851995-9C6B-4B34-82AF-AC4E075F00C2}.Debug|Any CPU.Build.0 = Debug|Any CPU
		{1F851995-9C6B-4B34-82AF-AC4E075F00C2}.Release|Any CPU.ActiveCfg = Release|Any CPU
		{1F851995-9C6B-4B34-82AF-AC4E075F00C2}.Release|Any CPU.Build.0 = Release|Any CPU
		{3A670874-7BD9-4534-8E82-209532C73EA3}.Debug|Any CPU.ActiveCfg = Debug|Any CPU
		{3A670874-7BD9-4534-8E82-209532C73EA3}.Debug|Any CPU.Build.0 = Debug|Any CPU
		{3A670874-7BD9-4534-8E82-209532C73EA3}.Release|Any CPU.ActiveCfg = Release|Any CPU
		{3A670874-7BD9-4534-8E82-209532C73EA3}.Release|Any CPU.Build.0 = Release|Any CPU
		{81C26BAC-9595-4009-A0B4-886225D3B96D}.Debug|Any CPU.ActiveCfg = Debug|Any CPU
		{81C26BAC-9595-4009-A0B4-886225D3B96D}.Debug|Any CPU.Build.0 = Debug|Any CPU
		{81C26BAC-9595-4009-A0B4-886225D3B96D}.Release|Any CPU.ActiveCfg = Release|Any CPU
		{81C26BAC-9595-4009-A0B4-886225D3B96D}.Release|Any CPU.Build.0 = Release|Any CPU
	EndGlobalSection
	GlobalSection(SolutionProperties) = preSolution
		HideSolutionNode = FALSE
	EndGlobalSection
	GlobalSection(NestedProjects) = preSolution
		{1F851995-9C6B-4B34-82AF-AC4E075F00C2} = {D1AF8BFE-0E72-47BD-815A-EACCC58B3698}
		{33256EF5-1C56-410B-B0C4-2C5F096B894D} = {B4C2717A-E126-4D7B-92D5-A3F892AEF116}
		{00F660F1-4945-4A34-81A6-1643AC415861} = {B4C2717A-E126-4D7B-92D5-A3F892AEF116}
		{3A670874-7BD9-4534-8E82-209532C73EA3} = {33256EF5-1C56-410B-B0C4-2C5F096B894D}
		{81C26BAC-9595-4009-A0B4-886225D3B96D} = {D1AF8BFE-0E72-47BD-815A-EACCC58B3698}
	EndGlobalSection
	GlobalSection(ExtensibilityGlobals) = postSolution
		SolutionGuid = {10EA0904-FDA3-42B7-848A-BA812777A2AE}
	EndGlobalSection
EndGlobal
